github.com/BurntSushi/toml v0.1.0 h1:o5kUUOTNGTDgVf5Cmj6EkHCBf1pZ/OUs+wdQruDOSAI=
github.com/BurntSushi/toml v0.1.0/go.mod h1:xHWCNGjB5oqiDr8zfno3MHue2Ht5sIBksp03qcyfWMU=
github.com/julienschmidt/httprouter v1.2.0 h1:TDTW5Yz1mjftljbcKqRcrYhd4XeOoI98t+9HbQbYf7g=
github.com/julienschmidt/httprouter v1.2.0/go.mod h1:SYymIcj16QtmaHHD7aYtjjsJG7VTCxuUUipMqKk8s4w=
